// !$*UTF8*$!
{
	archiveVersion = 1;
	classes = {
	};
	objectVersion = 56;
	objects = {

/* Begin PBXBuildFile section */
		B60D4ABD043585EA29C8ED92 /* Win11StatusBarView.swift in Sources */ = {isa = PBXBuildFile; fileRef = B61D55EC9B4183E9A8A759FC /* Win11StatusBarView.swift */; };
		B622D4B92CE1370D00A4102F /* AppDelegate.swift in Sources */ = {isa = PBXBuildFile; fileRef = B622D4B82CE1370D00A4102F /* AppDelegate.swift */; };
		B622D4BB2CE1370D00A4102F /* ViewController.swift in Sources */ = {isa = PBXBuildFile; fileRef = B622D4BA2CE1370D00A4102F /* ViewController.swift */; };
		B622D4BD2CE1370F00A4102F /* Assets.xcassets in Resources */ = {isa = PBXBuildFile; fileRef = B622D4BC2CE1370F00A4102F /* Assets.xcassets */; };
		B622D4C02CE1370F00A4102F /* Main.storyboard in Resources */ = {isa = PBXBuildFile; fileRef = B622D4BE2CE1370F00A4102F /* Main.storyboard */; };
		B622D4CB2CE1371000A4102F /* TcheNotepadTests.swift in Sources */ = {isa = PBXBuildFile; fileRef = B622D4CA2CE1371000A4102F /* TcheNotepadTests.swift */; };
		B622D4D52CE1371000A4102F /* TcheNotepadUITests.swift in Sources */ = {isa = PBXBuildFile; fileRef = B622D4D42CE1371000A4102F /* TcheNotepadUITests.swift */; };
		B622D4D72CE1371000A4102F /* TcheNotepadUITestsLaunchTests.swift in Sources */ = {isa = PBXBuildFile; fileRef = B622D4D62CE1371000A4102F /* TcheNotepadUITestsLaunchTests.swift */; };
		B63F7A83036647605E17D7DF /* SettingsSheetView.swift in Sources */ = {isa = PBXBuildFile; fileRef = B6D1D627A11FA33BEF845D3E /* SettingsSheetView.swift */; };
		B651C1E750288CD6DE95C89E /* Win11ToolbarView.swift in Sources */ = {isa = PBXBuildFile; fileRef = B67BC54F435120EC615C032C /* Win11ToolbarView.swift */; };
		B65694F5D58F665BDD398DD9 /* Win11NotepadContainerView.swift in Sources */ = {isa = PBXBuildFile; fileRef = B67B1EB4F528486EB82ABCD1 /* Win11NotepadContainerView.swift */; };
		B664066FC9045C63179AD923 /* Win11EditorView.swift in Sources */ = {isa = PBXBuildFile; fileRef = B6C8D3422008322D45838B3D /* Win11EditorView.swift */; };
		B66E1168646D82BE9C1EBEBA /* DocumentTab.swift in Sources */ = {isa = PBXBuildFile; fileRef = B68A8DC2C41985114741109C /* DocumentTab.swift */; };
		B68A1708F386699A1CC22E7B /* Win11Theme.swift in Sources */ = {isa = PBXBuildFile; fileRef = B6E4F60E415CAB7000EE5C81 /* Win11Theme.swift */; };
		B6E22EDFFE780101660B45D3 /* Win11FindBarView.swift in Sources */ = {isa = PBXBuildFile; fileRef = B602DCC0486673D3AE304DF8 /* Win11FindBarView.swift */; };
		B6E2FB5E7541C53BA28A3EA0 /* Win11TabBarView.swift in Sources */ = {isa = PBXBuildFile; fileRef = B6E62FB3A9748FDBD527FAA7 /* Win11TabBarView.swift */; };
		B6E9DB9659A611EE74A73DAB /* EditorViewModel.swift in Sources */ = {isa = PBXBuildFile; fileRef = B6AEDEAF9369087240B8B6B3 /* EditorViewModel.swift */; };
/* End PBXBuildFile section */

/* Begin PBXContainerItemProxy section */
		B622D4C72CE1371000A4102F /* PBXContainerItemProxy */ = {
			isa = PBXContainerItemProxy;
			containerPortal = B622D4AD2CE1370C00A4102F /* Project object */;
			proxyType = 1;
			remoteGlobalIDString = B622D4B42CE1370D00A4102F;
			remoteInfo = TcheNotepad;
		};
		B622D4D12CE1371000A4102F /* PBXContainerItemProxy */ = {
			isa = PBXContainerItemProxy;
			containerPortal = B622D4AD2CE1370C00A4102F /* Project object */;
			proxyType = 1;
			remoteGlobalIDString = B622D4B42CE1370D00A4102F;
			remoteInfo = TcheNotepad;
		};
/* End PBXContainerItemProxy section */

/* Begin PBXFileReference section */
		B602DCC0486673D3AE304DF8 /* Win11FindBarView.swift */ = {isa = PBXFileReference; lastKnownFileType = sourcecode.swift; path = Win11FindBarView.swift; sourceTree = "<group>"; };
		B61D55EC9B4183E9A8A759FC /* Win11StatusBarView.swift */ = {isa = PBXFileReference; lastKnownFileType = sourcecode.swift; path = Win11StatusBarView.swift; sourceTree = "<group>"; };
		B622D4B52CE1370D00A4102F /* TcheNotepad.app */ = {isa = PBXFileReference; explicitFileType = wrapper.application; includeInIndex = 0; path = TcheNotepad.app; sourceTree = BUILT_PRODUCTS_DIR; };
		B622D4B82CE1370D00A4102F /* AppDelegate.swift */ = {isa = PBXFileReference; lastKnownFileType = sourcecode.swift; path = AppDelegate.swift; sourceTree = "<group>"; };
		B622D4BA2CE1370D00A4102F /* ViewController.swift */ = {isa = PBXFileReference; lastKnownFileType = sourcecode.swift; path = ViewController.swift; sourceTree = "<group>"; };
		B622D4BC2CE1370F00A4102F /* Assets.xcassets */ = {isa = PBXFileReference; lastKnownFileType = folder.assetcatalog; path = Assets.xcassets; sourceTree = "<group>"; };
		B622D4BF2CE1370F00A4102F /* Base */ = {isa = PBXFileReference; lastKnownFileType = file.storyboard; name = Base; path = Base.lproj/Main.storyboard; sourceTree = "<group>"; };
		B622D4C12CE1370F00A4102F /* TcheNotepad.entitlements */ = {isa = PBXFileReference; lastKnownFileType = text.plist.entitlements; path = TcheNotepad.entitlements; sourceTree = "<group>"; };
		B622D4C62CE1371000A4102F /* TcheNotepadTests.xctest */ = {isa = PBXFileReference; explicitFileType = wrapper.cfbundle; includeInIndex = 0; path = TcheNotepadTests.xctest; sourceTree = BUILT_PRODUCTS_DIR; };
		B622D4CA2CE1371000A4102F /* TcheNotepadTests.swift */ = {isa = PBXFileReference; lastKnownFileType = sourcecode.swift; path = TcheNotepadTests.swift; sourceTree = "<group>"; };
		B622D4D02CE1371000A4102F /* TcheNotepadUITests.xctest */ = {isa = PBXFileReference; explicitFileType = wrapper.cfbundle; includeInIndex = 0; path = TcheNotepadUITests.xctest; sourceTree = BUILT_PRODUCTS_DIR; };
		B622D4D42CE1371000A4102F /* TcheNotepadUITests.swift */ = {isa = PBXFileReference; lastKnownFileType = sourcecode.swift; path = TcheNotepadUITests.swift; sourceTree = "<group>"; };
		B622D4D62CE1371000A4102F /* TcheNotepadUITestsLaunchTests.swift */ = {isa = PBXFileReference; lastKnownFileType = sourcecode.swift; path = TcheNotepadUITestsLaunchTests.swift; sourceTree = "<group>"; };
		B64D6EBD2CE4F93E00AF77F7 /* TcheNotepadRelease.entitlements */ = {isa = PBXFileReference; lastKnownFileType = text.plist.entitlements; path = TcheNotepadRelease.entitlements; sourceTree = "<group>"; };
		B64D6EBE2CE527A500AF77F7 /* Info.plist */ = {isa = PBXFileReference; lastKnownFileType = text.plist; path = Info.plist; sourceTree = "<group>"; };
		B67B1EB4F528486EB82ABCD1 /* Win11NotepadContainerView.swift */ = {isa = PBXFileReference; lastKnownFileType = sourcecode.swift; path = Win11NotepadContainerView.swift; sourceTree = "<group>"; };
		B67BC54F435120EC615C032C /* Win11ToolbarView.swift */ = {isa = PBXFileReference; lastKnownFileType = sourcecode.swift; path = Win11ToolbarView.swift; sourceTree = "<group>"; };
		B68A8DC2C41985114741109C /* DocumentTab.swift */ = {isa = PBXFileReference; lastKnownFileType = sourcecode.swift; path = DocumentTab.swift; sourceTree = "<group>"; };
		B6AEDEAF9369087240B8B6B3 /* EditorViewModel.swift */ = {isa = PBXFileReference; lastKnownFileType = sourcecode.swift; path = EditorViewModel.swift; sourceTree = "<group>"; };
		B6C8D3422008322D45838B3D /* Win11EditorView.swift */ = {isa = PBXFileReference; lastKnownFileType = sourcecode.swift; path = Win11EditorView.swift; sourceTree = "<group>"; };
		B6D1D627A11FA33BEF845D3E /* SettingsSheetView.swift */ = {isa = PBXFileReference; lastKnownFileType = sourcecode.swift; path = SettingsSheetView.swift; sourceTree = "<group>"; };
		B6E4F60E415CAB7000EE5C81 /* Win11Theme.swift */ = {isa = PBXFileReference; lastKnownFileType = sourcecode.swift; path = Win11Theme.swift; sourceTree = "<group>"; };
		B6E62FB3A9748FDBD527FAA7 /* Win11TabBarView.swift */ = {isa = PBXFileReference; lastKnownFileType = sourcecode.swift; path = Win11TabBarView.swift; sourceTree = "<group>"; };
/* End PBXFileReference section */

/* Begin PBXFrameworksBuildPhase section */
		B622D4B22CE1370D00A4102F /* Frameworks */ = {
			isa = PBXFrameworksBuildPhase;
			buildActionMask = 2147483647;
			files = (
			);
			runOnlyForDeploymentPostprocessing = 0;
		};
		B622D4C32CE1371000A4102F /* Frameworks */ = {
			isa = PBXFrameworksBuildPhase;
			buildActionMask = 2147483647;
			files = (
			);
			runOnlyForDeploymentPostprocessing = 0;
		};
		B622D4CD2CE1371000A4102F /* Frameworks */ = {
			isa = PBXFrameworksBuildPhase;
			buildActionMask = 2147483647;
			files = (
			);
			runOnlyForDeploymentPostprocessing = 0;
		};
/* End PBXFrameworksBuildPhase section */

/* Begin PBXGroup section */
		B622D4AC2CE1370C00A4102F = {
			isa = PBXGroup;
			children = (
				B622D4B72CE1370D00A4102F /* TcheNotepad */,
				B622D4C92CE1371000A4102F /* TcheNotepadTests */,
				B622D4D32CE1371000A4102F /* TcheNotepadUITests */,
				B622D4B62CE1370D00A4102F /* Products */,
			);
			sourceTree = "<group>";
		};
		B622D4B62CE1370D00A4102F /* Products */ = {
			isa = PBXGroup;
			children = (
				B622D4B52CE1370D00A4102F /* TcheNotepad.app */,
				B622D4C62CE1371000A4102F /* TcheNotepadTests.xctest */,
				B622D4D02CE1371000A4102F /* TcheNotepadUITests.xctest */,
			);
			name = Products;
			sourceTree = "<group>";
		};
		B622D4B72CE1370D00A4102F /* TcheNotepad */ = {
			isa = PBXGroup;
			children = (
				B68A8DC2C41985114741109C /* DocumentTab.swift */,
				B6E4F60E415CAB7000EE5C81 /* Win11Theme.swift */,
				B6AEDEAF9369087240B8B6B3 /* EditorViewModel.swift */,
				B6E62FB3A9748FDBD527FAA7 /* Win11TabBarView.swift */,
				B67BC54F435120EC615C032C /* Win11ToolbarView.swift */,
				B61D55EC9B4183E9A8A759FC /* Win11StatusBarView.swift */,
				B602DCC0486673D3AE304DF8 /* Win11FindBarView.swift */,
				B6D1D627A11FA33BEF845D3E /* SettingsSheetView.swift */,
				B6C8D3422008322D45838B3D /* Win11EditorView.swift */,
				B67B1EB4F528486EB82ABCD1 /* Win11NotepadContainerView.swift */,
				B64D6EBE2CE527A500AF77F7 /* Info.plist */,
				B64D6EBD2CE4F93E00AF77F7 /* TcheNotepadRelease.entitlements */,
				B622D4B82CE1370D00A4102F /* AppDelegate.swift */,
				B622D4BA2CE1370D00A4102F /* ViewController.swift */,
				B622D4BC2CE1370F00A4102F /* Assets.xcassets */,
				B622D4BE2CE1370F00A4102F /* Main.storyboard */,
				B622D4C12CE1370F00A4102F /* TcheNotepad.entitlements */,
			);
			path = TcheNotepad;
			sourceTree = "<group>";
		};
		B622D4C92CE1371000A4102F /* TcheNotepadTests */ = {
			isa = PBXGroup;
			children = (
				B622D4CA2CE1371000A4102F /* TcheNotepadTests.swift */,
			);
			path = TcheNotepadTests;
			sourceTree = "<group>";
		};
		B622D4D32CE1371000A4102F /* TcheNotepadUITests */ = {
			isa = PBXGroup;
			children = (
				B622D4D42CE1371000A4102F /* TcheNotepadUITests.swift */,
				B622D4D62CE1371000A4102F /* TcheNotepadUITestsLaunchTests.swift */,
			);
			path = TcheNotepadUITests;
			sourceTree = "<group>";
		};
/* End PBXGroup section */

/* Begin PBXNativeTarget section */
		B622D4B42CE1370D00A4102F /* TcheNotepad */ = {
			isa = PBXNativeTarget;
			buildConfigurationList = B622D4DA2CE1371000A4102F /* Build configuration list for PBXNativeTarget "TcheNotepad" */;
			buildPhases = (
				B622D4B12CE1370D00A4102F /* Sources */,
				B622D4B22CE1370D00A4102F /* Frameworks */,
				B622D4B32CE1370D00A4102F /* Resources */,
			);
			buildRules = (
			);
			dependencies = (
			);
			name = TcheNotepad;
			productName = TcheNotepad;
			productReference = B622D4B52CE1370D00A4102F /* TcheNotepad.app */;
			productType = "com.apple.product-type.application";
		};
		B622D4C52CE1371000A4102F /* TcheNotepadTests */ = {
			isa = PBXNativeTarget;
			buildConfigurationList = B622D4DD2CE1371000A4102F /* Build configuration list for PBXNativeTarget "TcheNotepadTests" */;
			buildPhases = (
				B622D4C22CE1371000A4102F /* Sources */,
				B622D4C32CE1371000A4102F /* Frameworks */,
				B622D4C42CE1371000A4102F /* Resources */,
			);
			buildRules = (
			);
			dependencies = (
				B622D4C82CE1371000A4102F /* PBXTargetDependency */,
			);
			name = TcheNotepadTests;
			productName = TcheNotepadTests;
			productReference = B622D4C62CE1371000A4102F /* TcheNotepadTests.xctest */;
			productType = "com.apple.product-type.bundle.unit-test";
		};
		B622D4CF2CE1371000A4102F /* TcheNotepadUITests */ = {
			isa = PBXNativeTarget;
			buildConfigurationList = B622D4E02CE1371000A4102F /* Build configuration list for PBXNativeTarget "TcheNotepadUITests" */;
			buildPhases = (
				B622D4CC2CE1371000A4102F /* Sources */,
				B622D4CD2CE1371000A4102F /* Frameworks */,
				B622D4CE2CE1371000A4102F /* Resources */,
			);
			buildRules = (
			);
			dependencies = (
				B622D4D22CE1371000A4102F /* PBXTargetDependency */,
			);
			name = TcheNotepadUITests;
			productName = TcheNotepadUITests;
			productReference = B622D4D02CE1371000A4102F /* TcheNotepadUITests.xctest */;
			productType = "com.apple.product-type.bundle.ui-testing";
		};
/* End PBXNativeTarget section */

/* Begin PBXProject section */
		B622D4AD2CE1370C00A4102F /* Project object */ = {
			isa = PBXProject;
			attributes = {
				BuildIndependentTargetsInParallel = 1;
				LastSwiftUpdateCheck = 1520;
				LastUpgradeCheck = 1520;
				TargetAttributes = {
					B622D4B42CE1370D00A4102F = {
						CreatedOnToolsVersion = 15.2;
					};
					B622D4C52CE1371000A4102F = {
						CreatedOnToolsVersion = 15.2;
						TestTargetID = B622D4B42CE1370D00A4102F;
					};
					B622D4CF2CE1371000A4102F = {
						CreatedOnToolsVersion = 15.2;
						TestTargetID = B622D4B42CE1370D00A4102F;
					};
				};
			};
			buildConfigurationList = B622D4B02CE1370C00A4102F /* Build configuration list for PBXProject "TcheNotepad" */;
			compatibilityVersion = "Xcode 14.0";
			developmentRegion = en;
			hasScannedForEncodings = 0;
			knownRegions = (
				en,
				Base,
			);
			mainGroup = B622D4AC2CE1370C00A4102F;
			productRefGroup = B622D4B62CE1370D00A4102F /* Products */;
			projectDirPath = "";
			projectRoot = "";
			targets = (
				B622D4B42CE1370D00A4102F /* TcheNotepad */,
				B622D4C52CE1371000A4102F /* TcheNotepadTests */,
				B622D4CF2CE1371000A4102F /* TcheNotepadUITests */,
			);
		};
/* End PBXProject section */

/* Begin PBXResourcesBuildPhase section */
		B622D4B32CE1370D00A4102F /* Resources */ = {
			isa = PBXResourcesBuildPhase;
			buildActionMask = 2147483647;
			files = (
				B622D4BD2CE1370F00A4102F /* Assets.xcassets in Resources */,
				B622D4C02CE1370F00A4102F /* Main.storyboard in Resources */,
			);
			runOnlyForDeploymentPostprocessing = 0;
		};
		B622D4C42CE1371000A4102F /* Resources */ = {
			isa = PBXResourcesBuildPhase;
			buildActionMask = 2147483647;
			files = (
			);
			runOnlyForDeploymentPostprocessing = 0;
		};
		B622D4CE2CE1371000A4102F /* Resources */ = {
			isa = PBXResourcesBuildPhase;
			buildActionMask = 2147483647;
			files = (
			);
			runOnlyForDeploymentPostprocessing = 0;
		};
/* End PBXResourcesBuildPhase section */

/* Begin PBXSourcesBuildPhase section */
		B622D4B12CE1370D00A4102F /* Sources */ = {
			isa = PBXSourcesBuildPhase;
			buildActionMask = 2147483647;
			files = (
				B66E1168646D82BE9C1EBEBA /* DocumentTab.swift in Sources */,
				B68A1708F386699A1CC22E7B /* Win11Theme.swift in Sources */,
				B6E9DB9659A611EE74A73DAB /* EditorViewModel.swift in Sources */,
				B6E2FB5E7541C53BA28A3EA0 /* Win11TabBarView.swift in Sources */,
				B651C1E750288CD6DE95C89E /* Win11ToolbarView.swift in Sources */,
				B60D4ABD043585EA29C8ED92 /* Win11StatusBarView.swift in Sources */,
				B6E22EDFFE780101660B45D3 /* Win11FindBarView.swift in Sources */,
				B63F7A83036647605E17D7DF /* SettingsSheetView.swift in Sources */,
				B664066FC9045C63179AD923 /* Win11EditorView.swift in Sources */,
				B65694F5D58F665BDD398DD9 /* Win11NotepadContainerView.swift in Sources */,
				B622D4BB2CE1370D00A4102F /* ViewController.swift in Sources */,
				B622D4B92CE1370D00A4102F /* AppDelegate.swift in Sources */,
			);
			runOnlyForDeploymentPostprocessing = 0;
		};
		B622D4C22CE1371000A4102F /* Sources */ = {
			isa = PBXSourcesBuildPhase;
			buildActionMask = 2147483647;
			files = (
				B622D4CB2CE1371000A4102F /* TcheNotepadTests.swift in Sources */,
			);
			runOnlyForDeploymentPostprocessing = 0;
		};
		B622D4CC2CE1371000A4102F /* Sources */ = {
			isa = PBXSourcesBuildPhase;
			buildActionMask = 2147483647;
			files = (
				B622D4D72CE1371000A4102F /* TcheNotepadUITestsLaunchTests.swift in Sources */,
				B622D4D52CE1371000A4102F /* TcheNotepadUITests.swift in Sources */,
			);
			runOnlyForDeploymentPostprocessing = 0;
		};
/* End PBXSourcesBuildPhase section */

/* Begin PBXTargetDependency section */
		B622D4C82CE1371000A4102F /* PBXTargetDependency */ = {
			isa = PBXTargetDependency;
			target = B622D4B42CE1370D00A4102F /* TcheNotepad */;
			targetProxy = B622D4C72CE1371000A4102F /* PBXContainerItemProxy */;
		};
		B622D4D22CE1371000A4102F /* PBXTargetDependency */ = {
			isa = PBXTargetDependency;
			target = B622D4B42CE1370D00A4102F /* TcheNotepad */;
			targetProxy = B622D4D12CE1371000A4102F /* PBXContainerItemProxy */;
		};
/* End PBXTargetDependency section */

/* Begin PBXVariantGroup section */
		B622D4BE2CE1370F00A4102F /* Main.storyboard */ = {
			isa = PBXVariantGroup;
			children = (
				B622D4BF2CE1370F00A4102F /* Base */,
			);
			name = Main.storyboard;
			sourceTree = "<group>";
		};
/* End PBXVariantGroup section */

/* Begin XCBuildConfiguration section */
		B622D4D82CE1371000A4102F /* Debug */ = {
			isa = XCBuildConfiguration;
			buildSettings = {
				ALWAYS_SEARCH_USER_PATHS = NO;
				ASSETCATALOG_COMPILER_GENERATE_SWIFT_ASSET_SYMBOL_EXTENSIONS = YES;
				CLANG_ANALYZER_NONNULL = YES;
				CLANG_ANALYZER_NUMBER_OBJECT_CONVERSION = YES_AGGRESSIVE;
				CLANG_CXX_LANGUAGE_STANDARD = "gnu++20";
				CLANG_ENABLE_MODULES = YES;
				CLANG_ENABLE_OBJC_ARC = YES;
				CLANG_ENABLE_OBJC_WEAK = YES;
				CLANG_WARN_BLOCK_CAPTURE_AUTORELEASING = YES;
				CLANG_WARN_BOOL_CONVERSION = YES;
				CLANG_WARN_COMMA = YES;
				CLANG_WARN_CONSTANT_CONVERSION = YES;
				CLANG_WARN_DEPRECATED_OBJC_IMPLEMENTATIONS = YES;
				CLANG_WARN_DIRECT_OBJC_ISA_USAGE = YES_ERROR;
				CLANG_WARN_DOCUMENTATION_COMMENTS = YES;
				CLANG_WARN_EMPTY_BODY = YES;
				CLANG_WARN_ENUM_CONVERSION = YES;
				CLANG_WARN_INFINITE_RECURSION = YES;
				CLANG_WARN_INT_CONVERSION = YES;
				CLANG_WARN_NON_LITERAL_NULL_CONVERSION = YES;
				CLANG_WARN_OBJC_IMPLICIT_RETAIN_SELF = YES;
				CLANG_WARN_OBJC_LITERAL_CONVERSION = YES;
				CLANG_WARN_OBJC_ROOT_CLASS = YES_ERROR;
				CLANG_WARN_QUOTED_INCLUDE_IN_FRAMEWORK_HEADER = YES;
				CLANG_WARN_RANGE_LOOP_ANALYSIS = YES;
				CLANG_WARN_STRICT_PROTOTYPES = YES;
				CLANG_WARN_SUSPICIOUS_MOVE = YES;
				CLANG_WARN_UNGUARDED_AVAILABILITY = YES_AGGRESSIVE;
				CLANG_WARN_UNREACHABLE_CODE = YES;
				CLANG_WARN__DUPLICATE_METHOD_MATCH = YES;
				COPY_PHASE_STRIP = NO;
				DEBUG_INFORMATION_FORMAT = dwarf;
				ENABLE_STRICT_OBJC_MSGSEND = YES;
				ENABLE_TESTABILITY = YES;
				ENABLE_USER_SCRIPT_SANDBOXING = YES;
				GCC_C_LANGUAGE_STANDARD = gnu17;
				GCC_DYNAMIC_NO_PIC = NO;
				GCC_NO_COMMON_BLOCKS = YES;
				GCC_OPTIMIZATION_LEVEL = 0;
				GCC_PREPROCESSOR_DEFINITIONS = (
					"DEBUG=1",
					"$(inherited)",
				);
				GCC_WARN_64_TO_32_BIT_CONVERSION = YES;
				GCC_WARN_ABOUT_RETURN_TYPE = YES_ERROR;
				GCC_WARN_UNDECLARED_SELECTOR = YES;
				GCC_WARN_UNINITIALIZED_AUTOS = YES_AGGRESSIVE;
				GCC_WARN_UNUSED_FUNCTION = YES;
				GCC_WARN_UNUSED_VARIABLE = YES;
				LOCALIZATION_PREFERS_STRING_CATALOGS = YES;
				MACOSX_DEPLOYMENT_TARGET = 13.7;
				MTL_ENABLE_DEBUG_INFO = INCLUDE_SOURCE;
				MTL_FAST_MATH = YES;
				ONLY_ACTIVE_ARCH = YES;
				SDKROOT = macosx;
				SWIFT_ACTIVE_COMPILATION_CONDITIONS = "DEBUG $(inherited)";
				SWIFT_OPTIMIZATION_LEVEL = "-Onone";
			};
			name = Debug;
		};
		B622D4D92CE1371000A4102F /* Release */ = {
			isa = XCBuildConfiguration;
			buildSettings = {
				ALWAYS_SEARCH_USER_PATHS = NO;
				ASSETCATALOG_COMPILER_GENERATE_SWIFT_ASSET_SYMBOL_EXTENSIONS = YES;
				CLANG_ANALYZER_NONNULL = YES;
				CLANG_ANALYZER_NUMBER_OBJECT_CONVERSION = YES_AGGRESSIVE;
				CLANG_CXX_LANGUAGE_STANDARD = "gnu++20";
				CLANG_ENABLE_MODULES = YES;
				CLANG_ENABLE_OBJC_ARC = YES;
				CLANG_ENABLE_OBJC_WEAK = YES;
				CLANG_WARN_BLOCK_CAPTURE_AUTORELEASING = YES;
				CLANG_WARN_BOOL_CONVERSION = YES;
				CLANG_WARN_COMMA = YES;
				CLANG_WARN_CONSTANT_CONVERSION = YES;
				CLANG_WARN_DEPRECATED_OBJC_IMPLEMENTATIONS = YES;
				CLANG_WARN_DIRECT_OBJC_ISA_USAGE = YES_ERROR;
				CLANG_WARN_DOCUMENTATION_COMMENTS = YES;
				CLANG_WARN_EMPTY_BODY = YES;
				CLANG_WARN_ENUM_CONVERSION = YES;
				CLANG_WARN_INFINITE_RECURSION = YES;
				CLANG_WARN_INT_CONVERSION = YES;
				CLANG_WARN_NON_LITERAL_NULL_CONVERSION = YES;
				CLANG_WARN_OBJC_IMPLICIT_RETAIN_SELF = YES;
				CLANG_WARN_OBJC_LITERAL_CONVERSION = YES;
				CLANG_WARN_OBJC_ROOT_CLASS = YES_ERROR;
				CLANG_WARN_QUOTED_INCLUDE_IN_FRAMEWORK_HEADER = YES;
				CLANG_WARN_RANGE_LOOP_ANALYSIS = YES;
				CLANG_WARN_STRICT_PROTOTYPES = YES;
				CLANG_WARN_SUSPICIOUS_MOVE = YES;
				CLANG_WARN_UNGUARDED_AVAILABILITY = YES_AGGRESSIVE;
				CLANG_WARN_UNREACHABLE_CODE = YES;
				CLANG_WARN__DUPLICATE_METHOD_MATCH = YES;
				COPY_PHASE_STRIP = NO;
				DEBUG_INFORMATION_FORMAT = "dwarf-with-dsym";
				ENABLE_NS_ASSERTIONS = NO;
				ENABLE_STRICT_OBJC_MSGSEND = YES;
				ENABLE_USER_SCRIPT_SANDBOXING = YES;
				GCC_C_LANGUAGE_STANDARD = gnu17;
				GCC_NO_COMMON_BLOCKS = YES;
				GCC_WARN_64_TO_32_BIT_CONVERSION = YES;
				GCC_WARN_ABOUT_RETURN_TYPE = YES_ERROR;
				GCC_WARN_UNDECLARED_SELECTOR = YES;
				GCC_WARN_UNINITIALIZED_AUTOS = YES_AGGRESSIVE;
				GCC_WARN_UNUSED_FUNCTION = YES;
				GCC_WARN_UNUSED_VARIABLE = YES;
				LOCALIZATION_PREFERS_STRING_CATALOGS = YES;
				MACOSX_DEPLOYMENT_TARGET = 13.7;
				MTL_ENABLE_DEBUG_INFO = NO;
				MTL_FAST_MATH = YES;
				SDKROOT = macosx;
				SWIFT_COMPILATION_MODE = wholemodule;
			};
			name = Release;
		};
		B622D4DB2CE1371000A4102F /* Debug */ = {
			isa = XCBuildConfiguration;
			buildSettings = {
				ASSETCATALOG_COMPILER_APPICON_NAME = AppIcon;
				ASSETCATALOG_COMPILER_GLOBAL_ACCENT_COLOR_NAME = AccentColor;
				ASSETCATALOG_COMPILER_INCLUDE_ALL_APPICON_ASSETS = YES;
				CODE_SIGN_ENTITLEMENTS = TcheNotepad/TcheNotepad.entitlements;
				CODE_SIGN_STYLE = Automatic;
				COMBINE_HIDPI_IMAGES = YES;
				CURRENT_PROJECT_VERSION = 9;
				DEVELOPMENT_TEAM = 5RUWT8FB6S;
				ENABLE_HARDENED_RUNTIME = YES;
				GENERATE_INFOPLIST_FILE = YES;
				INFOPLIST_FILE = TcheNotepad/Info.plist;
				INFOPLIST_KEY_CFBundleDisplayName = "Tchê Notepad";
				INFOPLIST_KEY_LSApplicationCategoryType = "public.app-category.utilities";
				INFOPLIST_KEY_NSHumanReadableCopyright = "";
				INFOPLIST_KEY_NSMainStoryboardFile = Main;
				INFOPLIST_KEY_NSPrincipalClass = NSApplication;
				INFOPLIST_KEY_UILaunchStoryboardName = Main.storyboard;
				LD_RUNPATH_SEARCH_PATHS = (
					"$(inherited)",
					"@executable_path/../Frameworks",
				);
				MARKETING_VERSION = 1.1.1;
				PRODUCT_BUNDLE_IDENTIFIER = Vielmond.TcheNotepad;
				PRODUCT_NAME = "$(TARGET_NAME)";
				SWIFT_EMIT_LOC_STRINGS = YES;
				SWIFT_VERSION = 5.0;
			};
			name = Debug;
		};
		B622D4DC2CE1371000A4102F /* Release */ = {
			isa = XCBuildConfiguration;
			buildSettings = {
				ASSETCATALOG_COMPILER_APPICON_NAME = AppIcon;
				ASSETCATALOG_COMPILER_GLOBAL_ACCENT_COLOR_NAME = AccentColor;
				ASSETCATALOG_COMPILER_INCLUDE_ALL_APPICON_ASSETS = YES;
				CODE_SIGN_ENTITLEMENTS = TcheNotepad/TcheNotepadRelease.entitlements;
				CODE_SIGN_STYLE = Automatic;
				COMBINE_HIDPI_IMAGES = YES;
				CURRENT_PROJECT_VERSION = 9;
				DEVELOPMENT_TEAM = 5RUWT8FB6S;
				ENABLE_HARDENED_RUNTIME = YES;
				GENERATE_INFOPLIST_FILE = YES;
				INFOPLIST_FILE = TcheNotepad/Info.plist;
				INFOPLIST_KEY_CFBundleDisplayName = "Tchê Notepad";
				INFOPLIST_KEY_LSApplicationCategoryType = "public.app-category.utilities";
				INFOPLIST_KEY_NSHumanReadableCopyright = "";
				INFOPLIST_KEY_NSMainStoryboardFile = Main;
				INFOPLIST_KEY_NSPrincipalClass = NSApplication;
				INFOPLIST_KEY_UILaunchStoryboardName = Main.storyboard;
				LD_RUNPATH_SEARCH_PATHS = (
					"$(inherited)",
					"@executable_path/../Frameworks",
				);
				MARKETING_VERSION = 1.1.1;
				PRODUCT_BUNDLE_IDENTIFIER = Vielmond.TcheNotepad;
				PRODUCT_NAME = "$(TARGET_NAME)";
				SWIFT_EMIT_LOC_STRINGS = YES;
				SWIFT_VERSION = 5.0;
			};
			name = Release;
		};
		B622D4DE2CE1371000A4102F /* Debug */ = {
			isa = XCBuildConfiguration;
			buildSettings = {
				ALWAYS_EMBED_SWIFT_STANDARD_LIBRARIES = YES;
				BUNDLE_LOADER = "$(TEST_HOST)";
				CODE_SIGN_STYLE = Automatic;
				CURRENT_PROJECT_VERSION = 1;
				DEVELOPMENT_TEAM = 5RUWT8FB6S;
				GENERATE_INFOPLIST_FILE = YES;
				MACOSX_DEPLOYMENT_TARGET = 13.7;
				MARKETING_VERSION = 1.0;
				PRODUCT_BUNDLE_IDENTIFIER = Vielmond.TcheNotepadTests;
				PRODUCT_NAME = "$(TARGET_NAME)";
				SWIFT_EMIT_LOC_STRINGS = NO;
				SWIFT_VERSION = 5.0;
				TEST_HOST = "$(BUILT_PRODUCTS_DIR)/TcheNotepad.app/$(BUNDLE_EXECUTABLE_FOLDER_PATH)/TcheNotepad";
			};
			name = Debug;
		};
		B622D4DF2CE1371000A4102F /* Release */ = {
			isa = XCBuildConfiguration;
			buildSettings = {
				ALWAYS_EMBED_SWIFT_STANDARD_LIBRARIES = YES;
				BUNDLE_LOADER = "$(TEST_HOST)";
				CODE_SIGN_STYLE = Automatic;
				CURRENT_PROJECT_VERSION = 1;
				DEVELOPMENT_TEAM = 5RUWT8FB6S;
				GENERATE_INFOPLIST_FILE = YES;
				MACOSX_DEPLOYMENT_TARGET = 13.7;
				MARKETING_VERSION = 1.0;
				PRODUCT_BUNDLE_IDENTIFIER = Vielmond.TcheNotepadTests;
				PRODUCT_NAME = "$(TARGET_NAME)";
				SWIFT_EMIT_LOC_STRINGS = NO;
				SWIFT_VERSION = 5.0;
				TEST_HOST = "$(BUILT_PRODUCTS_DIR)/TcheNotepad.app/$(BUNDLE_EXECUTABLE_FOLDER_PATH)/TcheNotepad";
			};
			name = Release;
		};
		B622D4E12CE1371000A4102F /* Debug */ = {
			isa = XCBuildConfiguration;
			buildSettings = {
				ALWAYS_EMBED_SWIFT_STANDARD_LIBRARIES = YES;
				CODE_SIGN_STYLE = Automatic;
				CURRENT_PROJECT_VERSION = 1;
				DEVELOPMENT_TEAM = 5RUWT8FB6S;
				GENERATE_INFOPLIST_FILE = YES;
				MARKETING_VERSION = 1.0;
				PRODUCT_BUNDLE_IDENTIFIER = Vielmond.TcheNotepadUITests;
				PRODUCT_NAME = "$(TARGET_NAME)";
				SWIFT_EMIT_LOC_STRINGS = NO;
				SWIFT_VERSION = 5.0;
				TEST_TARGET_NAME = TcheNotepad;
			};
			name = Debug;
		};
		B622D4E22CE1371000A4102F /* Release */ = {
			isa = XCBuildConfiguration;
			buildSettings = {
				ALWAYS_EMBED_SWIFT_STANDARD_LIBRARIES = YES;
				CODE_SIGN_STYLE = Automatic;
				CURRENT_PROJECT_VERSION = 1;
				DEVELOPMENT_TEAM = 5RUWT8FB6S;
				GENERATE_INFOPLIST_FILE = YES;
				MARKETING_VERSION = 1.0;
				PRODUCT_BUNDLE_IDENTIFIER = Vielmond.TcheNotepadUITests;
				PRODUCT_NAME = "$(TARGET_NAME)";
				SWIFT_EMIT_LOC_STRINGS = NO;
				SWIFT_VERSION = 5.0;
				TEST_TARGET_NAME = TcheNotepad;
			};
			name = Release;
		};
/* End XCBuildConfiguration section */

/* Begin XCConfigurationList section */
		B622D4B02CE1370C00A4102F /* Build configuration list for PBXProject "TcheNotepad" */ = {
			isa = XCConfigurationList;
			buildConfigurations = (
				B622D4D82CE1371000A4102F /* Debug */,
				B622D4D92CE1371000A4102F /* Release */,
			);
			defaultConfigurationIsVisible = 0;
			defaultConfigurationName = Release;
		};
		B622D4DA2CE1371000A4102F /* Build configuration list for PBXNativeTarget "TcheNotepad" */ = {
			isa = XCConfigurationList;
			buildConfigurations = (
				B622D4DB2CE1371000A4102F /* Debug */,
				B622D4DC2CE1371000A4102F /* Release */,
			);
			defaultConfigurationIsVisible = 0;
			defaultConfigurationName = Release;
		};
		B622D4DD2CE1371000A4102F /* Build configuration list for PBXNativeTarget "TcheNotepadTests" */ = {
			isa = XCConfigurationList;
			buildConfigurations = (
				B622D4DE2CE1371000A4102F /* Debug */,
				B622D4DF2CE1371000A4102F /* Release */,
			);
			defaultConfigurationIsVisible = 0;
			defaultConfigurationName = Release;
		};
		B622D4E02CE1371000A4102F /* Build configuration list for PBXNativeTarget "TcheNotepadUITests" */ = {
			isa = XCConfigurationList;
			buildConfigurations = (
				B622D4E12CE1371000A4102F /* Debug */,
				B622D4E22CE1371000A4102F /* Release */,
			);
			defaultConfigurationIsVisible = 0;
			defaultConfigurationName = Release;
		};
/* End XCConfigurationList section */
	};
	rootObject = B622D4AD2CE1370C00A4102F /* Project object */;
}
